
Microsoft Visual Studio Solution File, Format Version 12.00
# Visual Studio Version 16
VisualStudioVersion = 16.0.30907.101
MinimumVisualStudioVersion = 10.0.40219.1
Project("{FAE04EC0-301F-11D3-BF4B-00C04F79EFBC}") = "DeploymentInsights.Agent", "DeploymentInsights.Agent\DeploymentInsights.Agent.csproj", "{2C19B250-3EED-4FE5-A4CE-3BE2FFFFB906}"
EndProject
Project("{FAE04EC0-301F-11D3-BF4B-00C04F79EFBC}") = "DeploymentInsights.Models", "DeploymentInsights.Models\DeploymentInsights.Models.csproj", "{2C17C800-7312-406C-9204-96802D5D7E30}"
EndProject
Project("{FAE04EC0-301F-11D3-BF4B-00C04F79EFBC}") = "DeploymentInsights.Portal", "DeploymentInsights.Portal\DeploymentInsights.Portal.csproj", "{9FEB0923-F7E0-4073-8C27-BAF29AC6970A}"
EndProject
Global
	GlobalSection(SolutionConfigurationPlatforms) = preSolution
		Debug|Any CPU = Debug|Any CPU
		Release|Any CPU = Release|Any CPU
	EndGlobalSection
	GlobalSection(ProjectConfigurationPlatforms) = postSolution
		{2C19B250-3EED-4FE5-A4CE-3BE2FFFFB906}.Debug|Any CPU.ActiveCfg = Debug|Any CPU
		{2C19B250-3EED-4FE5-A4CE-3BE2FFFFB906}.Debug|Any CPU.Build.0 = Debug|Any CPU
		{2C19B250-3EED-4FE5-A4CE-3BE2FFFFB906}.Release|Any CPU.ActiveCfg = Release|Any CPU
		{2C19B250-3EED-4FE5-A4CE-3BE2FFFFB906}.Release|Any CPU.Build.0 = Release|Any CPU
		{2C17C800-7312-406C-9204-96802D5D7E30}.Debug|Any CPU.ActiveCfg = Debug|Any CPU
		{2C17C800-7312-406C-9204-96802D5D7E30}.Debug|Any CPU.Build.0 = Debug|Any CPU
		{2C17C800-7312-406C-9204-96802D5D7E30}.Release|Any CPU.ActiveCfg = Release|Any CPU
		{2C17C800-7312-406C-9204-96802D5D7E30}.Release|Any CPU.Build.0 = Release|Any CPU
		{9FEB0923-F7E0-4073-8C27-BAF29AC6970A}.Debug|Any CPU.ActiveCfg = Debug|Any CPU
		{9FEB0923-F7E0-4073-8C27-BAF29AC6970A}.Debug|Any CPU.Build.0 = Debug|Any CPU
		{9FEB0923-F7E0-4073-8C27-BAF29AC6970A}.Release|Any CPU.ActiveCfg = Release|Any CPU
		{9FEB0923-F7E0-4073-8C27-BAF29AC6970A}.Release|Any CPU.Build.0 = Release|Any CPU
	EndGlobalSection
	GlobalSection(SolutionProperties) = preSolution
		HideSolutionNode = FALSE
	EndGlobalSection
	GlobalSection(ExtensibilityGlobals) = postSolution
		SolutionGuid = {6C98428A-8982-438F-9EC6-D33FD6DA8A33}
	EndGlobalSection
EndGlobal
